{
  "name": "@chinachu/aribts",
  "version": "1.3.5-mirakurun.16",
  "lockfileVersion": 2,
  "requires": true,
  "packages": {
    "": {
      "name": "@chinachu/aribts",
      "version": "1.3.5-mirakurun.16",
      "license": "MIT",
      "dependencies": {
        "@node-rs/crc32": "^1.2.1",
        "iconv-lite": "^0.6.3"
      },
      "devDependencies": {
        "@types/node": "^12.20.19",
        "rimraf": "^3.0.2",
        "typescript": "^4.3.5"
      }
    },
    "node_modules/@napi-rs/triples": {
      "version": "1.1.0",
      "resolved": "https://registry.npmjs.org/@napi-rs/triples/-/triples-1.1.0.tgz",
      "integrity": "sha512-XQr74QaLeMiqhStEhLn1im9EOMnkypp7MZOwQhGzqp2Weu5eQJbpPxWxixxlYRKWPOmJjsk6qYfYH9kq43yc2w=="
    },
    "node_modules/@node-rs/crc32": {
      "version": "1.2.2",
      "resolved": "https://registry.npmjs.org/@node-rs/crc32/-/crc32-1.2.2.tgz",
      "integrity": "sha512-vKBMvl6boFWEhTqZcKEHm+pSTtRi+IBDUQG8rZ1studlulnX6gZbjAEb9pUG52+EIOwMXkjpUAmB5k2iijA3YQ==",
      "dependencies": {
        "@node-rs/helper": "^1.2.1"
      },
      "engines": {
        "node": ">= 10"
      },
      "funding": {
        "type": "github",
        "url": "https://github.com/sponsors/Brooooooklyn"
      },
      "optionalDependencies": {
        "@node-rs/crc32-android-arm64": "1.2.2",
        "@node-rs/crc32-darwin-arm64": "1.2.2",
        "@node-rs/crc32-darwin-x64": "1.2.2",
        "@node-rs/crc32-freebsd-x64": "1.2.2",
        "@node-rs/crc32-linux-arm-gnueabihf": "1.2.2",
        "@node-rs/crc32-linux-arm64-gnu": "1.2.2",
        "@node-rs/crc32-linux-arm64-musl": "1.2.2",
        "@node-rs/crc32-linux-x64-gnu": "1.2.2",
        "@node-rs/crc32-linux-x64-musl": "1.2.2",
        "@node-rs/crc32-win32-arm64-msvc": "1.2.2",
        "@node-rs/crc32-win32-ia32-msvc": "1.2.2",
        "@node-rs/crc32-win32-x64-msvc": "1.2.2"
      }
    },
    "node_modules/@node-rs/crc32-android-arm64": {
      "version": "1.2.2",
      "resolved": "https://registry.npmjs.org/@node-rs/crc32-android-arm64/-/crc32-android-arm64-1.2.2.tgz",
      "integrity": "sha512-4+iaLkuS883LfiW9CjQjQp9s3PcRP6mlAp/wj2Vs2p69/SkGjT4fBneSpnSCDIykVxEV74lejqDeQKYV9IY5Og==",
      "cpu": [
        "arm64"
      ],
      "optional": true,
      "os": [
        "android"
      ],
      "engines": {
        "node": ">= 10"
      }
    },
    "node_modules/@node-rs/crc32-darwin-arm64": {
      "version": "1.2.2",
      "resolved": "https://registry.npmjs.org/@node-rs/crc32-darwin-arm64/-/crc32-darwin-arm64-1.2.2.tgz",
      "integrity": "sha512-Wu+C0AJkdG5sJSPtRhp0T+HDaFMkV5U1aNlOGeFUy2qRRJNr8nS+lwaaJ+3liDjVI0oq3FxT148XIDnQI4JyAQ==",
      "cpu": [
        "arm64"
      ],
      "optional": true,
      "os": [
        "darwin"
      ],
      "engines": {
        "node": ">= 10"
      }
    },
    "node_modules/@node-rs/crc32-darwin-x64": {
      "version": "1.2.2",
      "resolved": "https://registry.npmjs.org/@node-rs/crc32-darwin-x64/-/crc32-darwin-x64-1.2.2.tgz",
      "integrity": "sha512-9wdT2s0cfyCDGVH/wVdigPQoqJhASqSk+H5gZVlvdvXW95iLb2QxpKyNS03nwSHKC62Nnifr0hJufjSTjzlqkw==",
      "cpu": [
        "x64"
      ],
      "optional": true,
      "os": [
        "darwin"
      ],
      "engines": {
        "node": ">= 10"
      }
    },
    "node_modules/@node-rs/crc32-freebsd-x64": {
      "version": "1.2.2",
      "resolved": "https://registry.npmjs.org/@node-rs/crc32-freebsd-x64/-/crc32-freebsd-x64-1.2.2.tgz",
      "integrity": "sha512-67TCtk5TGoTO0PzCjrdT6ynOlAM/igW8c1A7ammzJTC5jH8AsnJOK45kgHIxjrkpUpJBZKybP6Ctc/nsPlpgkQ==",
      "cpu": [
        "x64"
      ],
      "optional": true,
      "os": [
        "freebsd"
      ],
      "engines": {
        "node": ">= 10"
      }
    },
    "node_modules/@node-rs/crc32-linux-arm-gnueabihf": {
      "version": "1.2.2",
      "resolved": "https://registry.npmjs.org/@node-rs/crc32-linux-arm-gnueabihf/-/crc32-linux-arm-gnueabihf-1.2.2.tgz",
      "integrity": "sha512-vITxM8/Km+adWPV1LelryQBIb1qu6w9IkceqeGxAiDSF3P6LVELjO332HUxz6j8ymKR44ecoWHjC/RW1sFAvWw==",
      "cpu": [
        "arm"
      ],
      "optional": true,
      "os": [
        "linux"
      ],
      "engines": {
        "node": ">= 10"
      }
    },
    "node_modules/@node-rs/crc32-linux-arm64-gnu": {
      "version": "1.2.2",
      "resolved": "https://registry.npmjs.org/@node-rs/crc32-linux-arm64-gnu/-/crc32-linux-arm64-gnu-1.2.2.tgz",
      "integrity": "sha512-SSeB2/z3faeNYQ6Mj28aLlSylCss4fq7LMRtzbVaxORjcfMnFo+RJa7DyTscoQBJnV5ybeRRlcvgwmDEZuXLeQ==",
      "cpu": [
        "arm64"
      ],
      "optional": true,
      "os": [
        "linux"
      ],
      "engines": {
        "node": ">= 10"
      }
    },
    "node_modules/@node-rs/crc32-linux-arm64-musl": {
      "version": "1.2.2",
      "resolved": "https://registry.npmjs.org/@node-rs/crc32-linux-arm64-musl/-/crc32-linux-arm64-musl-1.2.2.tgz",
      "integrity": "sha512-vHws4PqVcAMMOwDACPe/CdOLMiFl4YFuSnw/9KRknfwlC/1tFJBY180RBtMPGiNkzz1pRgjxIrhENscKbl2L/g==",
      "cpu": [
        "arm64"
      ],
      "optional": true,
      "os": [
        "linux"
      ],
      "engines": {
        "node": ">= 10"
      }
    },
    "node_modules/@node-rs/crc32-linux-x64-gnu": {
      "version": "1.2.2",
      "resolved": "https://registry.npmjs.org/@node-rs/crc32-linux-x64-gnu/-/crc32-linux-x64-gnu-1.2.2.tgz",
      "integrity": "sha512-PrXBbfkgC9oQcPrqiqbVup7fClwp5RPLz2zj89cfm0ZkgP61l4+7BlSn8mnH3KfMC9ks8v+biUj1mp09kvOQoQ==",
      "cpu": [
        "x64"
      ],
      "optional": true,
      "os": [
        "linux"
      ],
      "engines": {
        "node": ">= 10"
      }
    },
    "node_modules/@node-rs/crc32-linux-x64-musl": {
      "version": "1.2.2",
      "resolved": "https://registry.npmjs.org/@node-rs/crc32-linux-x64-musl/-/crc32-linux-x64-musl-1.2.2.tgz",
      "integrity": "sha512-33OIKocA3yKw1RYs30QJVXCuttjdqLW5Vew11/fGRn2LMdhvb/s6JSpAG9g2nRdRVToTiwzjhMBXtCW06OMCsw==",
      "cpu": [
        "x64"
      ],
      "optional": true,
      "os": [
        "linux"
      ],
      "engines": {
        "node": ">= 10"
      }
    },
    "node_modules/@node-rs/crc32-win32-arm64-msvc": {
      "version": "1.2.2",
      "resolved": "https://registry.npmjs.org/@node-rs/crc32-win32-arm64-msvc/-/crc32-win32-arm64-msvc-1.2.2.tgz",
      "integrity": "sha512-MRuzzuf/ZY+C2VMTbQLX3aZJmdhLwnRmCDC9RpGErGy+0VvVhVEdqQAdcmyubr/T7mYm16FwZl+BOsfUCu3MqQ==",
      "cpu": [
        "arm64"
      ],
      "optional": true,
      "os": [
        "win32"
      ],
      "engines": {
        "node": ">= 10"
      }
    },
    "node_modules/@node-rs/crc32-win32-ia32-msvc": {
      "version": "1.2.2",
      "resolved": "https://registry.npmjs.org/@node-rs/crc32-win32-ia32-msvc/-/crc32-win32-ia32-msvc-1.2.2.tgz",
      "integrity": "sha512-TGIVjr/WiAjg/RgIOrrq3+cZBwQLZ1mnYt0inPiz+M997ClFbi2AN4kJiSaDJKFRftSRj2lUj5LWVRmVeNfx4A==",
      "cpu": [
        "ia32"
      ],
      "optional": true,
      "os": [
        "win32"
      ],
      "engines": {
        "node": ">= 10"
      }
    },
    "node_modules/@node-rs/crc32-win32-x64-msvc": {
      "version": "1.2.2",
      "resolved": "https://registry.npmjs.org/@node-rs/crc32-win32-x64-msvc/-/crc32-win32-x64-msvc-1.2.2.tgz",
      "integrity": "sha512-AlpwYUxaZT7uj3wRyAcE7RDp52wbGRbaF190uTQH6bFJNHGRP5aj60X2y1L/c9lPbINKVjDtwQGPhlMUbsw+Rw==",
      "cpu": [
        "x64"
      ],
      "optional": true,
      "os": [
        "win32"
      ],
      "engines": {
        "node": ">= 10"
      }
    },
    "node_modules/@node-rs/helper": {
      "version": "1.2.1",
      "resolved": "https://registry.npmjs.org/@node-rs/helper/-/helper-1.2.1.tgz",
      "integrity": "sha512-R5wEmm8nbuQU0YGGmYVjEc0OHtYsuXdpRG+Ut/3wZ9XAvQWyThN08bTh2cBJgoZxHQUPtvRfeQuxcAgLuiBISg==",
      "dependencies": {
        "@napi-rs/triples": "^1.0.3"
      }
    },
    "node_modules/@types/node": {
      "version": "12.20.21",
      "dev": true,
      "license": "MIT"
    },
    "node_modules/balanced-match": {
      "version": "1.0.2",
      "dev": true,
      "license": "MIT"
    },
    "node_modules/brace-expansion": {
      "version": "1.1.11",
      "dev": true,
      "license": "MIT",
      "dependencies": {
        "balanced-match": "^1.0.0",
        "concat-map": "0.0.1"
      }
    },
    "node_modules/concat-map": {
      "version": "0.0.1",
      "dev": true,
      "license": "MIT"
    },
    "node_modules/fs.realpath": {
      "version": "1.0.0",
      "dev": true,
      "license": "ISC"
    },
    "node_modules/glob": {
      "version": "7.1.7",
      "dev": true,
      "license": "ISC",
      "dependencies": {
        "fs.realpath": "^1.0.0",
        "inflight": "^1.0.4",
        "inherits": "2",
        "minimatch": "^3.0.4",
        "once": "^1.3.0",
        "path-is-absolute": "^1.0.0"
      },
      "engines": {
        "node": "*"
      },
      "funding": {
        "url": "https://github.com/sponsors/isaacs"
      }
    },
    "node_modules/iconv-lite": {
      "version": "0.6.3",
      "license": "MIT",
      "dependencies": {
        "safer-buffer": ">= 2.1.2 < 3.0.0"
      },
      "engines": {
        "node": ">=0.10.0"
      }
    },
    "node_modules/inflight": {
      "version": "1.0.6",
      "dev": true,
      "license": "ISC",
      "dependencies": {
        "once": "^1.3.0",
        "wrappy": "1"
      }
    },
    "node_modules/inherits": {
      "version": "2.0.4",
      "dev": true,
      "license": "ISC"
    },
    "node_modules/minimatch": {
      "version": "3.0.4",
      "dev": true,
      "license": "ISC",
      "dependencies": {
        "brace-expansion": "^1.1.7"
      },
      "engines": {
        "node": "*"
      }
    },
    "node_modules/once": {
      "version": "1.4.0",
      "dev": true,
      "license": "ISC",
      "dependencies": {
        "wrappy": "1"
      }
    },
    "node_modules/path-is-absolute": {
      "version": "1.0.1",
      "dev": true,
      "license": "MIT",
      "engines": {
        "node": ">=0.10.0"
      }
    },
    "node_modules/rimraf": {
      "version": "3.0.2",
      "dev": true,
      "license": "ISC",
      "dependencies": {
        "glob": "^7.1.3"
      },
      "bin": {
        "rimraf": "bin.js"
      },
      "funding": {
        "url": "https://github.com/sponsors/isaacs"
      }
    },
    "node_modules/safer-buffer": {
      "version": "2.1.2",
      "license": "MIT"
    },
    "node_modules/typescript": {
      "version": "4.4.2",
      "dev": true,
      "license": "Apache-2.0",
      "bin": {
        "tsc": "bin/tsc",
        "tsserver": "bin/tsserver"
      },
      "engines": {
        "node": ">=4.2.0"
      }
    },
    "node_modules/wrappy": {
      "version": "1.0.2",
      "dev": true,
      "license": "ISC"
    }
  },
  "dependencies": {
    "@napi-rs/triples": {
      "version": "1.1.0",
      "resolved": "https://registry.npmjs.org/@napi-rs/triples/-/triples-1.1.0.tgz",
      "integrity": "sha512-XQr74QaLeMiqhStEhLn1im9EOMnkypp7MZOwQhGzqp2Weu5eQJbpPxWxixxlYRKWPOmJjsk6qYfYH9kq43yc2w=="
    },
    "@node-rs/crc32": {
      "version": "1.2.2",
      "resolved": "https://registry.npmjs.org/@node-rs/crc32/-/crc32-1.2.2.tgz",
      "integrity": "sha512-vKBMvl6boFWEhTqZcKEHm+pSTtRi+IBDUQG8rZ1studlulnX6gZbjAEb9pUG52+EIOwMXkjpUAmB5k2iijA3YQ==",
      "requires": {
        "@node-rs/crc32-android-arm64": "1.2.2",
        "@node-rs/crc32-darwin-arm64": "1.2.2",
        "@node-rs/crc32-darwin-x64": "1.2.2",
        "@node-rs/crc32-freebsd-x64": "1.2.2",
        "@node-rs/crc32-linux-arm-gnueabihf": "1.2.2",
        "@node-rs/crc32-linux-arm64-gnu": "1.2.2",
        "@node-rs/crc32-linux-arm64-musl": "1.2.2",
        "@node-rs/crc32-linux-x64-gnu": "1.2.2",
        "@node-rs/crc32-linux-x64-musl": "1.2.2",
        "@node-rs/crc32-win32-arm64-msvc": "1.2.2",
        "@node-rs/crc32-win32-ia32-msvc": "1.2.2",
        "@node-rs/crc32-win32-x64-msvc": "1.2.2",
        "@node-rs/helper": "^1.2.1"
      }
    },
    "@node-rs/crc32-android-arm64": {
      "version": "1.2.2",
      "resolved": "https://registry.npmjs.org/@node-rs/crc32-android-arm64/-/crc32-android-arm64-1.2.2.tgz",
      "integrity": "sha512-4+iaLkuS883LfiW9CjQjQp9s3PcRP6mlAp/wj2Vs2p69/SkGjT4fBneSpnSCDIykVxEV74lejqDeQKYV9IY5Og==",
      "optional": true
    },
    "@node-rs/crc32-darwin-arm64": {
      "version": "1.2.2",
      "resolved": "https://registry.npmjs.org/@node-rs/crc32-darwin-arm64/-/crc32-darwin-arm64-1.2.2.tgz",
      "integrity": "sha512-Wu+C0AJkdG5sJSPtRhp0T+HDaFMkV5U1aNlOGeFUy2qRRJNr8nS+lwaaJ+3liDjVI0oq3FxT148XIDnQI4JyAQ==",
      "optional": true
    },
    "@node-rs/crc32-darwin-x64": {
      "version": "1.2.2",
      "resolved": "https://registry.npmjs.org/@node-rs/crc32-darwin-x64/-/crc32-darwin-x64-1.2.2.tgz",
      "integrity": "sha512-9wdT2s0cfyCDGVH/wVdigPQoqJhASqSk+H5gZVlvdvXW95iLb2QxpKyNS03nwSHKC62Nnifr0hJufjSTjzlqkw==",
      "optional": true
    },
    "@node-rs/crc32-freebsd-x64": {
      "version": "1.2.2",
      "resolved": "https://registry.npmjs.org/@node-rs/crc32-freebsd-x64/-/crc32-freebsd-x64-1.2.2.tgz",
      "integrity": "sha512-67TCtk5TGoTO0PzCjrdT6ynOlAM/igW8c1A7ammzJTC5jH8AsnJOK45kgHIxjrkpUpJBZKybP6Ctc/nsPlpgkQ==",
      "optional": true
    },
    "@node-rs/crc32-linux-arm-gnueabihf": {
      "version": "1.2.2",
      "resolved": "https://registry.npmjs.org/@node-rs/crc32-linux-arm-gnueabihf/-/crc32-linux-arm-gnueabihf-1.2.2.tgz",
      "integrity": "sha512-vITxM8/Km+adWPV1LelryQBIb1qu6w9IkceqeGxAiDSF3P6LVELjO332HUxz6j8ymKR44ecoWHjC/RW1sFAvWw==",
      "optional": true
    },
    "@node-rs/crc32-linux-arm64-gnu": {
      "version": "1.2.2",
      "resolved": "https://registry.npmjs.org/@node-rs/crc32-linux-arm64-gnu/-/crc32-linux-arm64-gnu-1.2.2.tgz",
      "integrity": "sha512-SSeB2/z3faeNYQ6Mj28aLlSylCss4fq7LMRtzbVaxORjcfMnFo+RJa7DyTscoQBJnV5ybeRRlcvgwmDEZuXLeQ==",
      "optional": true
    },
    "@node-rs/crc32-linux-arm64-musl": {
      "version": "1.2.2",
      "resolved": "https://registry.npmjs.org/@node-rs/crc32-linux-arm64-musl/-/crc32-linux-arm64-musl-1.2.2.tgz",
      "integrity": "sha512-vHws4PqVcAMMOwDACPe/CdOLMiFl4YFuSnw/9KRknfwlC/1tFJBY180RBtMPGiNkzz1pRgjxIrhENscKbl2L/g==",
      "optional": true
    },
    "@node-rs/crc32-linux-x64-gnu": {
      "version": "1.2.2",
      "resolved": "https://registry.npmjs.org/@node-rs/crc32-linux-x64-gnu/-/crc32-linux-x64-gnu-1.2.2.tgz",
      "integrity": "sha512-PrXBbfkgC9oQcPrqiqbVup7fClwp5RPLz2zj89cfm0ZkgP61l4+7BlSn8mnH3KfMC9ks8v+biUj1mp09kvOQoQ==",
      "optional": true
    },
    "@node-rs/crc32-linux-x64-musl": {
      "version": "1.2.2",
      "resolved": "https://registry.npmjs.org/@node-rs/crc32-linux-x64-musl/-/crc32-linux-x64-musl-1.2.2.tgz",
      "integrity": "sha512-33OIKocA3yKw1RYs30QJVXCuttjdqLW5Vew11/fGRn2LMdhvb/s6JSpAG9g2nRdRVToTiwzjhMBXtCW06OMCsw==",
      "optional": true
    },
    "@node-rs/crc32-win32-arm64-msvc": {
      "version": "1.2.2",
      "resolved": "https://registry.npmjs.org/@node-rs/crc32-win32-arm64-msvc/-/crc32-win32-arm64-msvc-1.2.2.tgz",
      "integrity": "sha512-MRuzzuf/ZY+C2VMTbQLX3aZJmdhLwnRmCDC9RpGErGy+0VvVhVEdqQAdcmyubr/T7mYm16FwZl+BOsfUCu3MqQ==",
      "optional": true
    },
    "@node-rs/crc32-win32-ia32-msvc": {
      "version": "1.2.2",
      "resolved": "https://registry.npmjs.org/@node-rs/crc32-win32-ia32-msvc/-/crc32-win32-ia32-msvc-1.2.2.tgz",
      "integrity": "sha512-TGIVjr/WiAjg/RgIOrrq3+cZBwQLZ1mnYt0inPiz+M997ClFbi2AN4kJiSaDJKFRftSRj2lUj5LWVRmVeNfx4A==",
      "optional": true
    },
    "@node-rs/crc32-win32-x64-msvc": {
      "version": "1.2.2",
      "resolved": "https://registry.npmjs.org/@node-rs/crc32-win32-x64-msvc/-/crc32-win32-x64-msvc-1.2.2.tgz",
      "integrity": "sha512-AlpwYUxaZT7uj3wRyAcE7RDp52wbGRbaF190uTQH6bFJNHGRP5aj60X2y1L/c9lPbINKVjDtwQGPhlMUbsw+Rw==",
      "optional": true
    },
    "@node-rs/helper": {
      "version": "1.2.1",
      "resolved": "https://registry.npmjs.org/@node-rs/helper/-/helper-1.2.1.tgz",
      "integrity": "sha512-R5wEmm8nbuQU0YGGmYVjEc0OHtYsuXdpRG+Ut/3wZ9XAvQWyThN08bTh2cBJgoZxHQUPtvRfeQuxcAgLuiBISg==",
      "requires": {
        "@napi-rs/triples": "^1.0.3"
      }
    },
    "@types/node": {
      "version": "12.20.21",
      "dev": true
    },
    "balanced-match": {
      "version": "1.0.2",
      "dev": true
    },
    "brace-expansion": {
      "version": "1.1.11",
      "dev": true,
      "requires": {
        "balanced-match": "^1.0.0",
        "concat-map": "0.0.1"
      }
    },
    "concat-map": {
      "version": "0.0.1",
      "dev": true
    },
    "fs.realpath": {
      "version": "1.0.0",
      "dev": true
    },
    "glob": {
      "version": "7.1.7",
      "dev": true,
      "requires": {
        "fs.realpath": "^1.0.0",
        "inflight": "^1.0.4",
        "inherits": "2",
        "minimatch": "^3.0.4",
        "once": "^1.3.0",
        "path-is-absolute": "^1.0.0"
      }
    },
    "iconv-lite": {
      "version": "0.6.3",
      "requires": {
        "safer-buffer": ">= 2.1.2 < 3.0.0"
      }
    },
    "inflight": {
      "version": "1.0.6",
      "dev": true,
      "requires": {
        "once": "^1.3.0",
        "wrappy": "1"
      }
    },
    "inherits": {
      "version": "2.0.4",
      "dev": true
    },
    "minimatch": {
      "version": "3.0.4",
      "dev": true,
      "requires": {
        "brace-expansion": "^1.1.7"
      }
    },
    "once": {
      "version": "1.4.0",
      "dev": true,
      "requires": {
        "wrappy": "1"
      }
    },
    "path-is-absolute": {
      "version": "1.0.1",
      "dev": true
    },
    "rimraf": {
      "version": "3.0.2",
      "dev": true,
      "requires": {
        "glob": "^7.1.3"
      }
    },
    "safer-buffer": {
      "version": "2.1.2"
    },
    "typescript": {
      "version": "4.4.2",
      "dev": true
    },
    "wrappy": {
      "version": "1.0.2",
      "dev": true
    }
  }
}
